Microsoft Visual Studio Solution File, Format Version 12.00
# Visual Studio Version 17
VisualStudioVersion = 17.5.2.0
MinimumVisualStudioVersion = 10.0.40219.1
Project("{FAE04EC0-301F-11D3-BF4B-00C04F79EFBC}") = "aug24ft-bet-ca-lundegaute", "aug24ft-bet-ca-lundegaute.csproj", "{2EC097F2-8CE3-ECF2-2D26-4FEA092BDC1A}"
EndProject
Global
	GlobalSection(SolutionConfigurationPlatforms) = preSolution
		Debug|Any CPU = Debug|Any CPU
		Release|Any CPU = Release|Any CPU
	EndGlobalSection
	GlobalSection(ProjectConfigurationPlatforms) = postSolution
		{2EC097F2-8CE3-ECF2-2D26-4FEA092BDC1A}.Debug|Any CPU.ActiveCfg = Debug|Any CPU
		{2EC097F2-8CE3-ECF2-2D26-4FEA092BDC1A}.Debug|Any CPU.Build.0 = Debug|Any CPU
		{2EC097F2-8CE3-ECF2-2D26-4FEA092BDC1A}.Release|Any CPU.ActiveCfg = Release|Any CPU
		{2EC097F2-8CE3-ECF2-2D26-4FEA092BDC1A}.Release|Any CPU.Build.0 = Release|Any CPU
	EndGlobalSection
	GlobalSection(SolutionProperties) = preSolution
		HideSolutionNode = FALSE
	EndGlobalSection
	GlobalSection(ExtensibilityGlobals) = postSolution
		SolutionGuid = {C31145ED-FFA8-4100-9794-C07AA662246D}
	EndGlobalSection
EndGlobal
